<?xml version="1.0" encoding="utf-8"?>
<Project ToolsVersion="4.0" xmlns="http://schemas.microsoft.com/developer/msbuild/2003">
  <ItemGroup>
    <Filter Include="Source Files">
      <UniqueIdentifier>{4FC737F1-C7A5-4376-A066-2A32D752A2FF}</UniqueIdentifier>
      <Extensions>cpp;c;cc;cxx;def;odl;idl;hpj;bat;asm;asmx</Extensions>
    </Filter>
    <Filter Include="Header Files">
      <UniqueIdentifier>{93995380-89BD-4b04-88EB-625FBE52EBFB}</UniqueIdentifier>
      <Extensions>h;hpp;hxx;hm;inl;inc;xsd</Extensions>
    </Filter>
    <Filter Include="Resource Files">
      <UniqueIdentifier>{67DA6AB6-F800-4c08-8B7A-83BB121AAD01}</UniqueIdentifier>
      <Extensions>rc;ico;cur;bmp;dlg;rc2;rct;bin;rgs;gif;jpg;jpeg;jpe;resx;tiff;tif;png;wav;mfcribbon-ms</Extensions>
    </Filter>
  </ItemGroup>
  <ItemGroup>
    <ClCompile Include="main.cpp">
      <Filter>Source Files</Filter>
    </ClCompile>
    <ClCompile Include="Window.cpp">
      <Filter>Source Files</Filter>
    </ClCompile>
    <ClCompile Include="Input.cpp">
      <Filter>Source Files</Filter>
    </ClCompile>
    <ClCompile Include="VideoMode.cpp">
      <Filter>Source Files</Filter>
    </ClCompile>
    <ClCompile Include="VideoFlags.cpp">
      <Filter>Source Files</Filter>
    </ClCompile>
    <ClCompile Include="Triangle.cpp">
      <Filter>Source Files</Filter>
    </ClCompile>
    <ClCompile Include="VertexArray.cpp">
      <Filter>Source Files</Filter>
    </ClCompile>
    <ClCompile Include="VertexBuffer.cpp">
      <Filter>Source Files</Filter>
    </ClCompile>
    <ClCompile Include="SimpleVertexShader.cpp">
      <Filter>Source Files</Filter>
    </ClCompile>
    <ClCompile Include="SimpleFragmentShader.cpp">
      <Filter>Source Files</Filter>
    </ClCompile>
    <ClCompile Include="VertexAttrib.cpp">
      <Filter>Source Files</Filter>
    </ClCompile>
    <ClCompile Include="VertexBufferData.cpp">
      <Filter>Source Files</Filter>
    </ClCompile>
    <ClCompile Include="Color.cpp">
      <Filter>Source Files</Filter>
    </ClCompile>
    <ClCompile Include="Translation.cpp">
      <Filter>Source Files</Filter>
    </ClCompile>
    <ClCompile Include="Scale.cpp">
      <Filter>Source Files</Filter>
    </ClCompile>
    <ClCompile Include="Rotation.cpp">
      <Filter>Source Files</Filter>
    </ClCompile>
    <ClCompile Include="AObject.cpp">
      <Filter>Source Files</Filter>
    </ClCompile>
    <ClCompile Include="GeometryHandler.cpp">
      <Filter>Source Files</Filter>
    </ClCompile>
    <ClCompile Include="Logging.cpp">
      <Filter>Source Files</Filter>
    </ClCompile>
  </ItemGroup>
  <ItemGroup>
    <ClInclude Include="Window.hpp">
      <Filter>Header Files</Filter>
    </ClInclude>
    <ClInclude Include="Input.hpp">
      <Filter>Header Files</Filter>
    </ClInclude>
    <ClInclude Include="VideoMode.hpp">
      <Filter>Header Files</Filter>
    </ClInclude>
    <ClInclude Include="VideoFlags.hpp">
      <Filter>Header Files</Filter>
    </ClInclude>
    <ClInclude Include="IUpdatable.hpp">
      <Filter>Header Files</Filter>
    </ClInclude>
    <ClInclude Include="IObject.hpp">
      <Filter>Header Files</Filter>
    </ClInclude>
    <ClInclude Include="Triangle.hpp">
      <Filter>Header Files</Filter>
    </ClInclude>
    <ClInclude Include="VertexArray.hpp">
      <Filter>Header Files</Filter>
    </ClInclude>
    <ClInclude Include="VertexBuffer.hpp">
      <Filter>Header Files</Filter>
    </ClInclude>
    <ClInclude Include="IShader.hpp">
      <Filter>Header Files</Filter>
    </ClInclude>
    <ClInclude Include="AShader.hpp">
      <Filter>Header Files</Filter>
    </ClInclude>
    <ClInclude Include="SimpleVertexShader.hpp">
      <Filter>Header Files</Filter>
    </ClInclude>
    <ClInclude Include="ShaderTools.hpp">
      <Filter>Header Files</Filter>
    </ClInclude>
    <ClInclude Include="SimpleFragmentShader.hpp">
      <Filter>Header Files</Filter>
    </ClInclude>
    <ClInclude Include="IProgram.hpp">
      <Filter>Header Files</Filter>
    </ClInclude>
    <ClInclude Include="Program.hpp">
      <Filter>Header Files</Filter>
    </ClInclude>
    <ClInclude Include="VertexAttrib.hpp">
      <Filter>Header Files</Filter>
    </ClInclude>
    <ClInclude Include="VertexBufferData.hpp">
      <Filter>Header Files</Filter>
    </ClInclude>
    <ClInclude Include="Global.hpp">
      <Filter>Header Files</Filter>
    </ClInclude>
    <ClInclude Include="Color.hpp">
      <Filter>Header Files</Filter>
    </ClInclude>
    <ClInclude Include="I3DObject.hpp">
      <Filter>Header Files</Filter>
    </ClInclude>
    <ClInclude Include="I3DMatrix.hpp">
      <Filter>Header Files</Filter>
    </ClInclude>
    <ClInclude Include="Translation.hpp">
      <Filter>Header Files</Filter>
    </ClInclude>
    <ClInclude Include="Scale.hpp">
      <Filter>Header Files</Filter>
    </ClInclude>
    <ClInclude Include="Rotation.hpp">
      <Filter>Header Files</Filter>
    </ClInclude>
    <ClInclude Include="AObject.hpp">
      <Filter>Header Files</Filter>
    </ClInclude>
    <ClInclude Include="ADrawable.hpp">
      <Filter>Header Files</Filter>
    </ClInclude>
    <ClInclude Include="GeometryHandler.hpp">
      <Filter>Header Files</Filter>
    </ClInclude>
    <ClInclude Include="Logging.hpp">
      <Filter>Header Files</Filter>
    </ClInclude>
  </ItemGroup>
</Project>